
Microsoft Visual Studio Solution File, Format Version 12.00
# Visual Studio Version 17
VisualStudioVersion = 17.2.32616.157
MinimumVisualStudioVersion = 10.0.40219.1
Project("{FAE04EC0-301F-11D3-BF4B-00C04F79EFBC}") = "Lab6App1", "Lab6App1\Lab6App1.csproj", "{C17C053E-A998-4A30-A989-AFF2CC850883}"
EndProject
Global
	GlobalSection(SolutionConfigurationPlatforms) = preSolution
		Debug|Any CPU = Debug|Any CPU
		Release|Any CPU = Release|Any CPU
	EndGlobalSection
	GlobalSection(ProjectConfigurationPlatforms) = postSolution
		{C17C053E-A998-4A30-A989-AFF2CC850883}.Debug|Any CPU.ActiveCfg = Debug|Any CPU
		{C17C053E-A998-4A30-A989-AFF2CC850883}.Debug|Any CPU.Build.0 = Debug|Any CPU
		{C17C053E-A998-4A30-A989-AFF2CC850883}.Release|Any CPU.ActiveCfg = Release|Any CPU
		{C17C053E-A998-4A30-A989-AFF2CC850883}.Release|Any CPU.Build.0 = Release|Any CPU
	EndGlobalSection
	GlobalSection(SolutionProperties) = preSolution
		HideSolutionNode = FALSE
	EndGlobalSection
	GlobalSection(ExtensibilityGlobals) = postSolution
		SolutionGuid = {0FECAE54-C834-4DB1-A989-F083035B85EA}
	EndGlobalSection
EndGlobal
